
Microsoft Visual Studio Solution File, Format Version 12.00
# Visual Studio Version 17
VisualStudioVersion = 17.0.31825.309
MinimumVisualStudioVersion = 10.0.40219.1
Project("{FAE04EC0-301F-11D3-BF4B-00C04F79EFBC}") = "Proyecto Apps Calculadoras", "Proyecto Apps Calculadoras\Proyecto Apps Calculadoras.csproj", "{FEA70F69-85A7-4F57-ADE0-D8297A61DB4D}"
EndProject
Global
	GlobalSection(SolutionConfigurationPlatforms) = preSolution
		Debug|Any CPU = Debug|Any CPU
		Release|Any CPU = Release|Any CPU
	EndGlobalSection
	GlobalSection(ProjectConfigurationPlatforms) = postSolution
		{FEA70F69-85A7-4F57-ADE0-D8297A61DB4D}.Debug|Any CPU.ActiveCfg = Debug|Any CPU
		{FEA70F69-85A7-4F57-ADE0-D8297A61DB4D}.Debug|Any CPU.Build.0 = Debug|Any CPU
		{FEA70F69-85A7-4F57-ADE0-D8297A61DB4D}.Release|Any CPU.ActiveCfg = Release|Any CPU
		{FEA70F69-85A7-4F57-ADE0-D8297A61DB4D}.Release|Any CPU.Build.0 = Release|Any CPU
	EndGlobalSection
	GlobalSection(SolutionProperties) = preSolution
		HideSolutionNode = FALSE
	EndGlobalSection
	GlobalSection(ExtensibilityGlobals) = postSolution
		SolutionGuid = {C37A8432-9EE0-4FDD-95BE-586397512D0A}
	EndGlobalSection
EndGlobal
